{
  "name": "digitalocean-serverless-typescript-example",
  "version": "1.0.0",
  "lockfileVersion": 2,
  "requires": true,
  "packages": {
    "": {
      "name": "digitalocean-serverless-typescript-example",
      "version": "1.0.0",
      "hasInstallScript": true,
      "license": "MIT"
    }
  }
}
